// !$*UTF8*$!
{
	archiveVersion = 1;
	classes = {
	};
	objectVersion = 55;
	objects = {

/* Begin PBXBuildFile section */
		64B78890900C5C6DD481D90F /* Pods_DevEventTests.framework in Frameworks */ = {isa = PBXBuildFile; fileRef = 7CE4C22F7B2C86A6473E065D /* Pods_DevEventTests.framework */; };
		761FBA5B27E0A7280066F078 /* EventCoreData+CoreDataClass.swift in Sources */ = {isa = PBXBuildFile; fileRef = 761FBA5927E0A7280066F078 /* EventCoreData+CoreDataClass.swift */; };
		761FBA5E27E0AD210066F078 /* PersistanceManager.swift in Sources */ = {isa = PBXBuildFile; fileRef = 761FBA5D27E0AD210066F078 /* PersistanceManager.swift */; };
		761FBA6127E0ADCA0066F078 /* Entity.swift in Sources */ = {isa = PBXBuildFile; fileRef = 761FBA6027E0ADCA0066F078 /* Entity.swift */; };
		761FBA6327E0BC780066F078 /* EventCoreData+CoreDataProperties.swift in Sources */ = {isa = PBXBuildFile; fileRef = 761FBA6227E0BC780066F078 /* EventCoreData+CoreDataProperties.swift */; };
		76FB9CDD27D30521001EC0F5 /* AppDelegate.swift in Sources */ = {isa = PBXBuildFile; fileRef = 76FB9CDC27D30521001EC0F5 /* AppDelegate.swift */; };
		76FB9CDF27D30521001EC0F5 /* SceneDelegate.swift in Sources */ = {isa = PBXBuildFile; fileRef = 76FB9CDE27D30521001EC0F5 /* SceneDelegate.swift */; };
		76FB9CE427D30521001EC0F5 /* Main.storyboard in Resources */ = {isa = PBXBuildFile; fileRef = 76FB9CE227D30521001EC0F5 /* Main.storyboard */; };
		76FB9CE727D30521001EC0F5 /* DevEvent.xcdatamodeld in Sources */ = {isa = PBXBuildFile; fileRef = 76FB9CE527D30521001EC0F5 /* DevEvent.xcdatamodeld */; };
		76FB9CE927D30522001EC0F5 /* Assets.xcassets in Resources */ = {isa = PBXBuildFile; fileRef = 76FB9CE827D30522001EC0F5 /* Assets.xcassets */; };
		76FB9CEC27D30522001EC0F5 /* LaunchScreen.storyboard in Resources */ = {isa = PBXBuildFile; fileRef = 76FB9CEA27D30522001EC0F5 /* LaunchScreen.storyboard */; };
		76FB9CF727D30522001EC0F5 /* DevEventTests.swift in Sources */ = {isa = PBXBuildFile; fileRef = 76FB9CF627D30522001EC0F5 /* DevEventTests.swift */; };
		76FB9D0127D30522001EC0F5 /* DevEventUITests.swift in Sources */ = {isa = PBXBuildFile; fileRef = 76FB9D0027D30522001EC0F5 /* DevEventUITests.swift */; };
		76FB9D0327D30522001EC0F5 /* DevEventUITestsLaunchTests.swift in Sources */ = {isa = PBXBuildFile; fileRef = 76FB9D0227D30522001EC0F5 /* DevEventUITestsLaunchTests.swift */; };
		76FB9D1A27D3758A001EC0F5 /* Coordinator.swift in Sources */ = {isa = PBXBuildFile; fileRef = 76FB9D1927D3758A001EC0F5 /* Coordinator.swift */; };
		76FB9D1C27D377F0001EC0F5 /* TabBarCoordinator.swift in Sources */ = {isa = PBXBuildFile; fileRef = 76FB9D1B27D377F0001EC0F5 /* TabBarCoordinator.swift */; };
		76FB9D1E27D38978001EC0F5 /* HomeViewController.swift in Sources */ = {isa = PBXBuildFile; fileRef = 76FB9D1D27D38978001EC0F5 /* HomeViewController.swift */; };
		76FB9D2027D389A4001EC0F5 /* HomeCoordinator.swift in Sources */ = {isa = PBXBuildFile; fileRef = 76FB9D1F27D389A4001EC0F5 /* HomeCoordinator.swift */; };
		76FB9D2527D38AC6001EC0F5 /* UIViewController+Extension.swift in Sources */ = {isa = PBXBuildFile; fileRef = 76FB9D2427D38AC6001EC0F5 /* UIViewController+Extension.swift */; };
		76FB9D2727D38B67001EC0F5 /* UIStoryboard+Extension.swift in Sources */ = {isa = PBXBuildFile; fileRef = 76FB9D2627D38B67001EC0F5 /* UIStoryboard+Extension.swift */; };
		76FB9D2D27D3972B001EC0F5 /* ViewModelType.swift in Sources */ = {isa = PBXBuildFile; fileRef = 76FB9D2C27D3972B001EC0F5 /* ViewModelType.swift */; };
		76FB9D2F27D43E6A001EC0F5 /* SectionOfEvents.swift in Sources */ = {isa = PBXBuildFile; fileRef = 76FB9D2E27D43E6A001EC0F5 /* SectionOfEvents.swift */; };
		76FB9D3127D43E79001EC0F5 /* Event.swift in Sources */ = {isa = PBXBuildFile; fileRef = 76FB9D3027D43E79001EC0F5 /* Event.swift */; };
		76FB9D3627D44186001EC0F5 /* NetworkService.swift in Sources */ = {isa = PBXBuildFile; fileRef = 76FB9D3527D44186001EC0F5 /* NetworkService.swift */; };
		76FB9D3B27D4A3B1001EC0F5 /* String+Extension.swift in Sources */ = {isa = PBXBuildFile; fileRef = 76FB9D3A27D4A3B1001EC0F5 /* String+Extension.swift */; };
		76FB9D3F27D4AAAE001EC0F5 /* DevEventsFetcher.swift in Sources */ = {isa = PBXBuildFile; fileRef = 76FB9D3E27D4AAAE001EC0F5 /* DevEventsFetcher.swift */; };
		76FB9D4027D4C17D001EC0F5 /* Parser.swift in Sources */ = {isa = PBXBuildFile; fileRef = 76FB9D3827D4A233001EC0F5 /* Parser.swift */; };
		76FB9D4227D4C5A0001EC0F5 /* HomeViewModel.swift in Sources */ = {isa = PBXBuildFile; fileRef = 76FB9D4127D4C5A0001EC0F5 /* HomeViewModel.swift */; };
		76FB9D4827D4C83E001EC0F5 /* DevEventTableViewCell.swift in Sources */ = {isa = PBXBuildFile; fileRef = 76FB9D4627D4C83E001EC0F5 /* DevEventTableViewCell.swift */; };
		76FB9D4927D4C83E001EC0F5 /* DevEventTableViewCell.xib in Resources */ = {isa = PBXBuildFile; fileRef = 76FB9D4727D4C83E001EC0F5 /* DevEventTableViewCell.xib */; };
		76FB9D4B27D4CCBC001EC0F5 /* UIView+Extension.swift in Sources */ = {isa = PBXBuildFile; fileRef = 76FB9D4A27D4CCBC001EC0F5 /* UIView+Extension.swift */; };
		76FB9D4D27D5C761001EC0F5 /* HomeViewController+UITableViewDelegate.swift in Sources */ = {isa = PBXBuildFile; fileRef = 76FB9D4C27D5C761001EC0F5 /* HomeViewController+UITableViewDelegate.swift */; };
		76FB9D5127D5CEF0001EC0F5 /* WebKitViewController.swift in Sources */ = {isa = PBXBuildFile; fileRef = 76FB9D5027D5CEF0001EC0F5 /* WebKitViewController.swift */; };
		76FB9D5327D5D5F1001EC0F5 /* WebKitCoordinator.swift in Sources */ = {isa = PBXBuildFile; fileRef = 76FB9D5227D5D5F1001EC0F5 /* WebKitCoordinator.swift */; };
		76FB9D5527D5E9A9001EC0F5 /* WebKit.framework in Frameworks */ = {isa = PBXBuildFile; fileRef = 76FB9D5427D5E9A9001EC0F5 /* WebKit.framework */; };
		9BBA0284C73D6E626E26A109 /* Pods_DevEvent_DevEventUITests.framework in Frameworks */ = {isa = PBXBuildFile; fileRef = B952448BF5389E04C5615CBB /* Pods_DevEvent_DevEventUITests.framework */; };
		DB261832A9B3186352935EE2 /* Pods_DevEvent.framework in Frameworks */ = {isa = PBXBuildFile; fileRef = C32EA8F1092728D5BE061C49 /* Pods_DevEvent.framework */; };
/* End PBXBuildFile section */

/* Begin PBXContainerItemProxy section */
		76FB9CF327D30522001EC0F5 /* PBXContainerItemProxy */ = {
			isa = PBXContainerItemProxy;
			containerPortal = 76FB9CD127D30521001EC0F5 /* Project object */;
			proxyType = 1;
			remoteGlobalIDString = 76FB9CD827D30521001EC0F5;
			remoteInfo = DevEvent;
		};
		76FB9CFD27D30522001EC0F5 /* PBXContainerItemProxy */ = {
			isa = PBXContainerItemProxy;
			containerPortal = 76FB9CD127D30521001EC0F5 /* Project object */;
			proxyType = 1;
			remoteGlobalIDString = 76FB9CD827D30521001EC0F5;
			remoteInfo = DevEvent;
		};
/* End PBXContainerItemProxy section */

/* Begin PBXFileReference section */
		34876CD902EA2D7E68F26A08 /* Pods-DevEventTests.release.xcconfig */ = {isa = PBXFileReference; includeInIndex = 1; lastKnownFileType = text.xcconfig; name = "Pods-DevEventTests.release.xcconfig"; path = "Target Support Files/Pods-DevEventTests/Pods-DevEventTests.release.xcconfig"; sourceTree = "<group>"; };
		386FA0A19EA9B80EC704F1BA /* Pods-DevEvent.release.xcconfig */ = {isa = PBXFileReference; includeInIndex = 1; lastKnownFileType = text.xcconfig; name = "Pods-DevEvent.release.xcconfig"; path = "Target Support Files/Pods-DevEvent/Pods-DevEvent.release.xcconfig"; sourceTree = "<group>"; };
		6103E50B2BDE76BB146D5AC2 /* Pods-DevEvent.debug.xcconfig */ = {isa = PBXFileReference; includeInIndex = 1; lastKnownFileType = text.xcconfig; name = "Pods-DevEvent.debug.xcconfig"; path = "Target Support Files/Pods-DevEvent/Pods-DevEvent.debug.xcconfig"; sourceTree = "<group>"; };
		64F4DF495EAFED19227E031B /* Pods-DevEventTests.debug.xcconfig */ = {isa = PBXFileReference; includeInIndex = 1; lastKnownFileType = text.xcconfig; name = "Pods-DevEventTests.debug.xcconfig"; path = "Target Support Files/Pods-DevEventTests/Pods-DevEventTests.debug.xcconfig"; sourceTree = "<group>"; };
		761FBA5927E0A7280066F078 /* EventCoreData+CoreDataClass.swift */ = {isa = PBXFileReference; lastKnownFileType = sourcecode.swift; path = "EventCoreData+CoreDataClass.swift"; sourceTree = SOURCE_ROOT; };
		761FBA5D27E0AD210066F078 /* PersistanceManager.swift */ = {isa = PBXFileReference; lastKnownFileType = sourcecode.swift; path = PersistanceManager.swift; sourceTree = "<group>"; };
		761FBA6027E0ADCA0066F078 /* Entity.swift */ = {isa = PBXFileReference; lastKnownFileType = sourcecode.swift; path = Entity.swift; sourceTree = "<group>"; };
		761FBA6227E0BC780066F078 /* EventCoreData+CoreDataProperties.swift */ = {isa = PBXFileReference; lastKnownFileType = sourcecode.swift; path = "EventCoreData+CoreDataProperties.swift"; sourceTree = SOURCE_ROOT; };
		76FB9CD927D30521001EC0F5 /* DevEvent.app */ = {isa = PBXFileReference; explicitFileType = wrapper.application; includeInIndex = 0; path = DevEvent.app; sourceTree = BUILT_PRODUCTS_DIR; };
		76FB9CDC27D30521001EC0F5 /* AppDelegate.swift */ = {isa = PBXFileReference; lastKnownFileType = sourcecode.swift; path = AppDelegate.swift; sourceTree = "<group>"; };
		76FB9CDE27D30521001EC0F5 /* SceneDelegate.swift */ = {isa = PBXFileReference; lastKnownFileType = sourcecode.swift; path = SceneDelegate.swift; sourceTree = "<group>"; };
		76FB9CE327D30521001EC0F5 /* Base */ = {isa = PBXFileReference; lastKnownFileType = file.storyboard; name = Base; path = Base.lproj/Main.storyboard; sourceTree = "<group>"; };
		76FB9CE627D30521001EC0F5 /* DevEvent.xcdatamodel */ = {isa = PBXFileReference; lastKnownFileType = wrapper.xcdatamodel; path = DevEvent.xcdatamodel; sourceTree = "<group>"; };
		76FB9CE827D30522001EC0F5 /* Assets.xcassets */ = {isa = PBXFileReference; lastKnownFileType = folder.assetcatalog; path = Assets.xcassets; sourceTree = "<group>"; };
		76FB9CEB27D30522001EC0F5 /* Base */ = {isa = PBXFileReference; lastKnownFileType = file.storyboard; name = Base; path = Base.lproj/LaunchScreen.storyboard; sourceTree = "<group>"; };
		76FB9CED27D30522001EC0F5 /* Info.plist */ = {isa = PBXFileReference; lastKnownFileType = text.plist.xml; path = Info.plist; sourceTree = "<group>"; };
		76FB9CF227D30522001EC0F5 /* DevEventTests.xctest */ = {isa = PBXFileReference; explicitFileType = wrapper.cfbundle; includeInIndex = 0; path = DevEventTests.xctest; sourceTree = BUILT_PRODUCTS_DIR; };
		76FB9CF627D30522001EC0F5 /* DevEventTests.swift */ = {isa = PBXFileReference; lastKnownFileType = sourcecode.swift; path = DevEventTests.swift; sourceTree = "<group>"; };
		76FB9CFC27D30522001EC0F5 /* DevEventUITests.xctest */ = {isa = PBXFileReference; explicitFileType = wrapper.cfbundle; includeInIndex = 0; path = DevEventUITests.xctest; sourceTree = BUILT_PRODUCTS_DIR; };
		76FB9D0027D30522001EC0F5 /* DevEventUITests.swift */ = {isa = PBXFileReference; lastKnownFileType = sourcecode.swift; path = DevEventUITests.swift; sourceTree = "<group>"; };
		76FB9D0227D30522001EC0F5 /* DevEventUITestsLaunchTests.swift */ = {isa = PBXFileReference; lastKnownFileType = sourcecode.swift; path = DevEventUITestsLaunchTests.swift; sourceTree = "<group>"; };
		76FB9D1927D3758A001EC0F5 /* Coordinator.swift */ = {isa = PBXFileReference; lastKnownFileType = sourcecode.swift; path = Coordinator.swift; sourceTree = "<group>"; };
		76FB9D1B27D377F0001EC0F5 /* TabBarCoordinator.swift */ = {isa = PBXFileReference; lastKnownFileType = sourcecode.swift; path = TabBarCoordinator.swift; sourceTree = "<group>"; };
		76FB9D1D27D38978001EC0F5 /* HomeViewController.swift */ = {isa = PBXFileReference; lastKnownFileType = sourcecode.swift; path = HomeViewController.swift; sourceTree = "<group>"; };
		76FB9D1F27D389A4001EC0F5 /* HomeCoordinator.swift */ = {isa = PBXFileReference; lastKnownFileType = sourcecode.swift; path = HomeCoordinator.swift; sourceTree = "<group>"; };
		76FB9D2427D38AC6001EC0F5 /* UIViewController+Extension.swift */ = {isa = PBXFileReference; lastKnownFileType = sourcecode.swift; path = "UIViewController+Extension.swift"; sourceTree = "<group>"; };
		76FB9D2627D38B67001EC0F5 /* UIStoryboard+Extension.swift */ = {isa = PBXFileReference; lastKnownFileType = sourcecode.swift; path = "UIStoryboard+Extension.swift"; sourceTree = "<group>"; };
		76FB9D2C27D3972B001EC0F5 /* ViewModelType.swift */ = {isa = PBXFileReference; lastKnownFileType = sourcecode.swift; path = ViewModelType.swift; sourceTree = "<group>"; };
		76FB9D2E27D43E6A001EC0F5 /* SectionOfEvents.swift */ = {isa = PBXFileReference; lastKnownFileType = sourcecode.swift; path = SectionOfEvents.swift; sourceTree = "<group>"; };
		76FB9D3027D43E79001EC0F5 /* Event.swift */ = {isa = PBXFileReference; lastKnownFileType = sourcecode.swift; path = Event.swift; sourceTree = "<group>"; };
		76FB9D3527D44186001EC0F5 /* NetworkService.swift */ = {isa = PBXFileReference; lastKnownFileType = sourcecode.swift; path = NetworkService.swift; sourceTree = "<group>"; };
		76FB9D3827D4A233001EC0F5 /* Parser.swift */ = {isa = PBXFileReference; lastKnownFileType = sourcecode.swift; path = Parser.swift; sourceTree = "<group>"; };
		76FB9D3A27D4A3B1001EC0F5 /* String+Extension.swift */ = {isa = PBXFileReference; lastKnownFileType = sourcecode.swift; path = "String+Extension.swift"; sourceTree = "<group>"; };
		76FB9D3E27D4AAAE001EC0F5 /* DevEventsFetcher.swift */ = {isa = PBXFileReference; lastKnownFileType = sourcecode.swift; path = DevEventsFetcher.swift; sourceTree = "<group>"; };
		76FB9D4127D4C5A0001EC0F5 /* HomeViewModel.swift */ = {isa = PBXFileReference; lastKnownFileType = sourcecode.swift; path = HomeViewModel.swift; sourceTree = "<group>"; };
		76FB9D4627D4C83E001EC0F5 /* DevEventTableViewCell.swift */ = {isa = PBXFileReference; lastKnownFileType = sourcecode.swift; path = DevEventTableViewCell.swift; sourceTree = "<group>"; };
		76FB9D4727D4C83E001EC0F5 /* DevEventTableViewCell.xib */ = {isa = PBXFileReference; lastKnownFileType = file.xib; path = DevEventTableViewCell.xib; sourceTree = "<group>"; };
		76FB9D4A27D4CCBC001EC0F5 /* UIView+Extension.swift */ = {isa = PBXFileReference; lastKnownFileType = sourcecode.swift; path = "UIView+Extension.swift"; sourceTree = "<group>"; };
		76FB9D4C27D5C761001EC0F5 /* HomeViewController+UITableViewDelegate.swift */ = {isa = PBXFileReference; lastKnownFileType = sourcecode.swift; path = "HomeViewController+UITableViewDelegate.swift"; sourceTree = "<group>"; };
		76FB9D5027D5CEF0001EC0F5 /* WebKitViewController.swift */ = {isa = PBXFileReference; lastKnownFileType = sourcecode.swift; path = WebKitViewController.swift; sourceTree = "<group>"; };
		76FB9D5227D5D5F1001EC0F5 /* WebKitCoordinator.swift */ = {isa = PBXFileReference; lastKnownFileType = sourcecode.swift; path = WebKitCoordinator.swift; sourceTree = "<group>"; };
		76FB9D5427D5E9A9001EC0F5 /* WebKit.framework */ = {isa = PBXFileReference; lastKnownFileType = wrapper.framework; name = WebKit.framework; path = System/Library/Frameworks/WebKit.framework; sourceTree = SDKROOT; };
		7CE4C22F7B2C86A6473E065D /* Pods_DevEventTests.framework */ = {isa = PBXFileReference; explicitFileType = wrapper.framework; includeInIndex = 0; path = Pods_DevEventTests.framework; sourceTree = BUILT_PRODUCTS_DIR; };
		A97F43511E3A39641AEADCB2 /* Pods-DevEvent-DevEventUITests.debug.xcconfig */ = {isa = PBXFileReference; includeInIndex = 1; lastKnownFileType = text.xcconfig; name = "Pods-DevEvent-DevEventUITests.debug.xcconfig"; path = "Target Support Files/Pods-DevEvent-DevEventUITests/Pods-DevEvent-DevEventUITests.debug.xcconfig"; sourceTree = "<group>"; };
		B952448BF5389E04C5615CBB /* Pods_DevEvent_DevEventUITests.framework */ = {isa = PBXFileReference; explicitFileType = wrapper.framework; includeInIndex = 0; path = Pods_DevEvent_DevEventUITests.framework; sourceTree = BUILT_PRODUCTS_DIR; };
		C32EA8F1092728D5BE061C49 /* Pods_DevEvent.framework */ = {isa = PBXFileReference; explicitFileType = wrapper.framework; includeInIndex = 0; path = Pods_DevEvent.framework; sourceTree = BUILT_PRODUCTS_DIR; };
		E5D0FA6A89FC30E5E8D6A75F /* Pods-DevEvent-DevEventUITests.release.xcconfig */ = {isa = PBXFileReference; includeInIndex = 1; lastKnownFileType = text.xcconfig; name = "Pods-DevEvent-DevEventUITests.release.xcconfig"; path = "Target Support Files/Pods-DevEvent-DevEventUITests/Pods-DevEvent-DevEventUITests.release.xcconfig"; sourceTree = "<group>"; };
/* End PBXFileReference section */

/* Begin PBXFrameworksBuildPhase section */
		76FB9CD627D30521001EC0F5 /* Frameworks */ = {
			isa = PBXFrameworksBuildPhase;
			buildActionMask = 2147483647;
			files = (
				76FB9D5527D5E9A9001EC0F5 /* WebKit.framework in Frameworks */,
				DB261832A9B3186352935EE2 /* Pods_DevEvent.framework in Frameworks */,
			);
			runOnlyForDeploymentPostprocessing = 0;
		};
		76FB9CEF27D30522001EC0F5 /* Frameworks */ = {
			isa = PBXFrameworksBuildPhase;
			buildActionMask = 2147483647;
			files = (
				64B78890900C5C6DD481D90F /* Pods_DevEventTests.framework in Frameworks */,
			);
			runOnlyForDeploymentPostprocessing = 0;
		};
		76FB9CF927D30522001EC0F5 /* Frameworks */ = {
			isa = PBXFrameworksBuildPhase;
			buildActionMask = 2147483647;
			files = (
				9BBA0284C73D6E626E26A109 /* Pods_DevEvent_DevEventUITests.framework in Frameworks */,
			);
			runOnlyForDeploymentPostprocessing = 0;
		};
/* End PBXFrameworksBuildPhase section */

/* Begin PBXGroup section */
		320E3142331145055B50B133 /* Pods */ = {
			isa = PBXGroup;
			children = (
				6103E50B2BDE76BB146D5AC2 /* Pods-DevEvent.debug.xcconfig */,
				386FA0A19EA9B80EC704F1BA /* Pods-DevEvent.release.xcconfig */,
				A97F43511E3A39641AEADCB2 /* Pods-DevEvent-DevEventUITests.debug.xcconfig */,
				E5D0FA6A89FC30E5E8D6A75F /* Pods-DevEvent-DevEventUITests.release.xcconfig */,
				64F4DF495EAFED19227E031B /* Pods-DevEventTests.debug.xcconfig */,
				34876CD902EA2D7E68F26A08 /* Pods-DevEventTests.release.xcconfig */,
			);
			path = Pods;
			sourceTree = "<group>";
		};
		761FBA5F27E0ADBC0066F078 /* Enum */ = {
			isa = PBXGroup;
			children = (
				761FBA6027E0ADCA0066F078 /* Entity.swift */,
			);
			path = Enum;
			sourceTree = "<group>";
		};
		76FB9CD027D30521001EC0F5 = {
			isa = PBXGroup;
			children = (
				76FB9CDB27D30521001EC0F5 /* DevEvent */,
				76FB9CF527D30522001EC0F5 /* DevEventTests */,
				76FB9CFF27D30522001EC0F5 /* DevEventUITests */,
				76FB9CDA27D30521001EC0F5 /* Products */,
				320E3142331145055B50B133 /* Pods */,
				AAB1AA5CC808EAA0CD85D764 /* Frameworks */,
			);
			sourceTree = "<group>";
		};
		76FB9CDA27D30521001EC0F5 /* Products */ = {
			isa = PBXGroup;
			children = (
				76FB9CD927D30521001EC0F5 /* DevEvent.app */,
				76FB9CF227D30522001EC0F5 /* DevEventTests.xctest */,
				76FB9CFC27D30522001EC0F5 /* DevEventUITests.xctest */,
			);
			name = Products;
			sourceTree = "<group>";
		};
		76FB9CDB27D30521001EC0F5 /* DevEvent */ = {
			isa = PBXGroup;
			children = (
				76FB9D1627D37551001EC0F5 /* Coordinator */,
				761FBA5F27E0ADBC0066F078 /* Enum */,
				76FB9D2827D395AC001EC0F5 /* Model */,
				76FB9D3427D44170001EC0F5 /* Manager */,
				76FB9D3727D4A224001EC0F5 /* Utils */,
				76FB9D1227D30C8E001EC0F5 /* Storyboard */,
				76FB9D1127D30C7C001EC0F5 /* ViewController */,
				76FB9D4527D4C823001EC0F5 /* View */,
				76FB9D2927D395CE001EC0F5 /* ViewModel */,
				76FB9D2127D38A91001EC0F5 /* Extensions */,
				76FB9D1027D30B32001EC0F5 /* Support */,
				76FB9CE827D30522001EC0F5 /* Assets.xcassets */,
				76FB9CED27D30522001EC0F5 /* Info.plist */,
				76FB9CE527D30521001EC0F5 /* DevEvent.xcdatamodeld */,
			);
			path = DevEvent;
			sourceTree = "<group>";
		};
		76FB9CF527D30522001EC0F5 /* DevEventTests */ = {
			isa = PBXGroup;
			children = (
				76FB9CF627D30522001EC0F5 /* DevEventTests.swift */,
			);
			path = DevEventTests;
			sourceTree = "<group>";
		};
		76FB9CFF27D30522001EC0F5 /* DevEventUITests */ = {
			isa = PBXGroup;
			children = (
				76FB9D0027D30522001EC0F5 /* DevEventUITests.swift */,
				76FB9D0227D30522001EC0F5 /* DevEventUITestsLaunchTests.swift */,
			);
			path = DevEventUITests;
			sourceTree = "<group>";
		};
		76FB9D1027D30B32001EC0F5 /* Support */ = {
			isa = PBXGroup;
			children = (
				76FB9CDC27D30521001EC0F5 /* AppDelegate.swift */,
				76FB9CDE27D30521001EC0F5 /* SceneDelegate.swift */,
			);
			path = Support;
			sourceTree = "<group>";
		};
		76FB9D1127D30C7C001EC0F5 /* ViewController */ = {
			isa = PBXGroup;
			children = (
				76FB9D1D27D38978001EC0F5 /* HomeViewController.swift */,
				76FB9D4C27D5C761001EC0F5 /* HomeViewController+UITableViewDelegate.swift */,
				76FB9D5027D5CEF0001EC0F5 /* WebKitViewController.swift */,
			);
			path = ViewController;
			sourceTree = "<group>";
		};
		76FB9D1227D30C8E001EC0F5 /* Storyboard */ = {
			isa = PBXGroup;
			children = (
				76FB9CE227D30521001EC0F5 /* Main.storyboard */,
				76FB9CEA27D30522001EC0F5 /* LaunchScreen.storyboard */,
			);
			path = Storyboard;
			sourceTree = "<group>";
		};
		76FB9D1627D37551001EC0F5 /* Coordinator */ = {
			isa = PBXGroup;
			children = (
				76FB9D1927D3758A001EC0F5 /* Coordinator.swift */,
				76FB9D1B27D377F0001EC0F5 /* TabBarCoordinator.swift */,
				76FB9D1F27D389A4001EC0F5 /* HomeCoordinator.swift */,
				76FB9D5227D5D5F1001EC0F5 /* WebKitCoordinator.swift */,
			);
			path = Coordinator;
			sourceTree = "<group>";
		};
		76FB9D2127D38A91001EC0F5 /* Extensions */ = {
			isa = PBXGroup;
			children = (
				76FB9D3A27D4A3B1001EC0F5 /* String+Extension.swift */,
				76FB9D2627D38B67001EC0F5 /* UIStoryboard+Extension.swift */,
				76FB9D4A27D4CCBC001EC0F5 /* UIView+Extension.swift */,
				76FB9D2427D38AC6001EC0F5 /* UIViewController+Extension.swift */,
			);
			path = Extensions;
			sourceTree = "<group>";
		};
		76FB9D2827D395AC001EC0F5 /* Model */ = {
			isa = PBXGroup;
			children = (
				761FBA6227E0BC780066F078 /* EventCoreData+CoreDataProperties.swift */,
				761FBA5927E0A7280066F078 /* EventCoreData+CoreDataClass.swift */,
				76FB9D3027D43E79001EC0F5 /* Event.swift */,
				76FB9D2E27D43E6A001EC0F5 /* SectionOfEvents.swift */,
			);
			path = Model;
			sourceTree = "<group>";
		};
		76FB9D2927D395CE001EC0F5 /* ViewModel */ = {
			isa = PBXGroup;
			children = (
				76FB9D2C27D3972B001EC0F5 /* ViewModelType.swift */,
				76FB9D4127D4C5A0001EC0F5 /* HomeViewModel.swift */,
			);
			path = ViewModel;
			sourceTree = "<group>";
		};
		76FB9D3427D44170001EC0F5 /* Manager */ = {
			isa = PBXGroup;
			children = (
				76FB9D3527D44186001EC0F5 /* NetworkService.swift */,
			);
			path = Manager;
			sourceTree = "<group>";
		};
		76FB9D3727D4A224001EC0F5 /* Utils */ = {
			isa = PBXGroup;
			children = (
				76FB9D3E27D4AAAE001EC0F5 /* DevEventsFetcher.swift */,
				76FB9D3827D4A233001EC0F5 /* Parser.swift */,
				761FBA5D27E0AD210066F078 /* PersistanceManager.swift */,
			);
			path = Utils;
			sourceTree = "<group>";
		};
		76FB9D4527D4C823001EC0F5 /* View */ = {
			isa = PBXGroup;
			children = (
				76FB9D4627D4C83E001EC0F5 /* DevEventTableViewCell.swift */,
				76FB9D4727D4C83E001EC0F5 /* DevEventTableViewCell.xib */,
			);
			path = View;
			sourceTree = "<group>";
		};
		AAB1AA5CC808EAA0CD85D764 /* Frameworks */ = {
			isa = PBXGroup;
			children = (
				76FB9D5427D5E9A9001EC0F5 /* WebKit.framework */,
				C32EA8F1092728D5BE061C49 /* Pods_DevEvent.framework */,
				B952448BF5389E04C5615CBB /* Pods_DevEvent_DevEventUITests.framework */,
				7CE4C22F7B2C86A6473E065D /* Pods_DevEventTests.framework */,
			);
			name = Frameworks;
			sourceTree = "<group>";
		};
/* End PBXGroup section */

/* Begin PBXNativeTarget section */
		76FB9CD827D30521001EC0F5 /* DevEvent */ = {
			isa = PBXNativeTarget;
			buildConfigurationList = 76FB9D0627D30522001EC0F5 /* Build configuration list for PBXNativeTarget "DevEvent" */;
			buildPhases = (
				7D0B5B4C2F37DC3E284AAD03 /* [CP] Check Pods Manifest.lock */,
				76FB9CD527D30521001EC0F5 /* Sources */,
				76FB9CD627D30521001EC0F5 /* Frameworks */,
				76FB9CD727D30521001EC0F5 /* Resources */,
				ADF407BC8539090C2BC8B0B9 /* [CP] Embed Pods Frameworks */,
			);
			buildRules = (
			);
			dependencies = (
			);
			name = DevEvent;
			productName = DevEvent;
			productReference = 76FB9CD927D30521001EC0F5 /* DevEvent.app */;
			productType = "com.apple.product-type.application";
		};
		76FB9CF127D30522001EC0F5 /* DevEventTests */ = {
			isa = PBXNativeTarget;
			buildConfigurationList = 76FB9D0927D30522001EC0F5 /* Build configuration list for PBXNativeTarget "DevEventTests" */;
			buildPhases = (
				1ABE41D57ED23B0116B1DADA /* [CP] Check Pods Manifest.lock */,
				76FB9CEE27D30522001EC0F5 /* Sources */,
				76FB9CEF27D30522001EC0F5 /* Frameworks */,
				76FB9CF027D30522001EC0F5 /* Resources */,
			);
			buildRules = (
			);
			dependencies = (
				76FB9CF427D30522001EC0F5 /* PBXTargetDependency */,
			);
			name = DevEventTests;
			productName = DevEventTests;
			productReference = 76FB9CF227D30522001EC0F5 /* DevEventTests.xctest */;
			productType = "com.apple.product-type.bundle.unit-test";
		};
		76FB9CFB27D30522001EC0F5 /* DevEventUITests */ = {
			isa = PBXNativeTarget;
			buildConfigurationList = 76FB9D0C27D30522001EC0F5 /* Build configuration list for PBXNativeTarget "DevEventUITests" */;
			buildPhases = (
				CC6EF6F12E6E8AA2407006F7 /* [CP] Check Pods Manifest.lock */,
				76FB9CF827D30522001EC0F5 /* Sources */,
				76FB9CF927D30522001EC0F5 /* Frameworks */,
				76FB9CFA27D30522001EC0F5 /* Resources */,
				8A8E19CF441B82A9EC37F486 /* [CP] Embed Pods Frameworks */,
			);
			buildRules = (
			);
			dependencies = (
				76FB9CFE27D30522001EC0F5 /* PBXTargetDependency */,
			);
			name = DevEventUITests;
			productName = DevEventUITests;
			productReference = 76FB9CFC27D30522001EC0F5 /* DevEventUITests.xctest */;
			productType = "com.apple.product-type.bundle.ui-testing";
		};
/* End PBXNativeTarget section */

/* Begin PBXProject section */
		76FB9CD127D30521001EC0F5 /* Project object */ = {
			isa = PBXProject;
			attributes = {
				BuildIndependentTargetsInParallel = 1;
				LastSwiftUpdateCheck = 1320;
				LastUpgradeCheck = 1320;
				TargetAttributes = {
					76FB9CD827D30521001EC0F5 = {
						CreatedOnToolsVersion = 13.2.1;
					};
					76FB9CF127D30522001EC0F5 = {
						CreatedOnToolsVersion = 13.2.1;
						TestTargetID = 76FB9CD827D30521001EC0F5;
					};
					76FB9CFB27D30522001EC0F5 = {
						CreatedOnToolsVersion = 13.2.1;
						TestTargetID = 76FB9CD827D30521001EC0F5;
					};
				};
			};
			buildConfigurationList = 76FB9CD427D30521001EC0F5 /* Build configuration list for PBXProject "DevEvent" */;
			compatibilityVersion = "Xcode 13.0";
			developmentRegion = en;
			hasScannedForEncodings = 0;
			knownRegions = (
				en,
				Base,
			);
			mainGroup = 76FB9CD027D30521001EC0F5;
			productRefGroup = 76FB9CDA27D30521001EC0F5 /* Products */;
			projectDirPath = "";
			projectRoot = "";
			targets = (
				76FB9CD827D30521001EC0F5 /* DevEvent */,
				76FB9CF127D30522001EC0F5 /* DevEventTests */,
				76FB9CFB27D30522001EC0F5 /* DevEventUITests */,
			);
		};
/* End PBXProject section */

/* Begin PBXResourcesBuildPhase section */
		76FB9CD727D30521001EC0F5 /* Resources */ = {
			isa = PBXResourcesBuildPhase;
			buildActionMask = 2147483647;
			files = (
				76FB9CEC27D30522001EC0F5 /* LaunchScreen.storyboard in Resources */,
				76FB9CE927D30522001EC0F5 /* Assets.xcassets in Resources */,
				76FB9D4927D4C83E001EC0F5 /* DevEventTableViewCell.xib in Resources */,
				76FB9CE427D30521001EC0F5 /* Main.storyboard in Resources */,
			);
			runOnlyForDeploymentPostprocessing = 0;
		};
		76FB9CF027D30522001EC0F5 /* Resources */ = {
			isa = PBXResourcesBuildPhase;
			buildActionMask = 2147483647;
			files = (
			);
			runOnlyForDeploymentPostprocessing = 0;
		};
		76FB9CFA27D30522001EC0F5 /* Resources */ = {
			isa = PBXResourcesBuildPhase;
			buildActionMask = 2147483647;
			files = (
			);
			runOnlyForDeploymentPostprocessing = 0;
		};
/* End PBXResourcesBuildPhase section */

/* Begin PBXShellScriptBuildPhase section */
		1ABE41D57ED23B0116B1DADA /* [CP] Check Pods Manifest.lock */ = {
			isa = PBXShellScriptBuildPhase;
			buildActionMask = 2147483647;
			files = (
			);
			inputFileListPaths = (
			);
			inputPaths = (
				"${PODS_PODFILE_DIR_PATH}/Podfile.lock",
				"${PODS_ROOT}/Manifest.lock",
			);
			name = "[CP] Check Pods Manifest.lock";
			outputFileListPaths = (
			);
			outputPaths = (
				"$(DERIVED_FILE_DIR)/Pods-DevEventTests-checkManifestLockResult.txt",
			);
			runOnlyForDeploymentPostprocessing = 0;
			shellPath = /bin/sh;
			shellScript = "diff \"${PODS_PODFILE_DIR_PATH}/Podfile.lock\" \"${PODS_ROOT}/Manifest.lock\" > /dev/null\nif [ $? != 0 ] ; then\n    # print error to STDERR\n    echo \"error: The sandbox is not in sync with the Podfile.lock. Run 'pod install' or update your CocoaPods installation.\" >&2\n    exit 1\nfi\n# This output is used by Xcode 'outputs' to avoid re-running this script phase.\necho \"SUCCESS\" > \"${SCRIPT_OUTPUT_FILE_0}\"\n";
			showEnvVarsInLog = 0;
		};
		7D0B5B4C2F37DC3E284AAD03 /* [CP] Check Pods Manifest.lock */ = {
			isa = PBXShellScriptBuildPhase;
			buildActionMask = 2147483647;
			files = (
			);
			inputFileListPaths = (
			);
			inputPaths = (
				"${PODS_PODFILE_DIR_PATH}/Podfile.lock",
				"${PODS_ROOT}/Manifest.lock",
			);
			name = "[CP] Check Pods Manifest.lock";
			outputFileListPaths = (
			);
			outputPaths = (
				"$(DERIVED_FILE_DIR)/Pods-DevEvent-checkManifestLockResult.txt",
			);
			runOnlyForDeploymentPostprocessing = 0;
			shellPath = /bin/sh;
			shellScript = "diff \"${PODS_PODFILE_DIR_PATH}/Podfile.lock\" \"${PODS_ROOT}/Manifest.lock\" > /dev/null\nif [ $? != 0 ] ; then\n    # print error to STDERR\n    echo \"error: The sandbox is not in sync with the Podfile.lock. Run 'pod install' or update your CocoaPods installation.\" >&2\n    exit 1\nfi\n# This output is used by Xcode 'outputs' to avoid re-running this script phase.\necho \"SUCCESS\" > \"${SCRIPT_OUTPUT_FILE_0}\"\n";
			showEnvVarsInLog = 0;
		};
		8A8E19CF441B82A9EC37F486 /* [CP] Embed Pods Frameworks */ = {
			isa = PBXShellScriptBuildPhase;
			buildActionMask = 2147483647;
			files = (
			);
			inputFileListPaths = (
				"${PODS_ROOT}/Target Support Files/Pods-DevEvent-DevEventUITests/Pods-DevEvent-DevEventUITests-frameworks-${CONFIGURATION}-input-files.xcfilelist",
			);
			name = "[CP] Embed Pods Frameworks";
			outputFileListPaths = (
				"${PODS_ROOT}/Target Support Files/Pods-DevEvent-DevEventUITests/Pods-DevEvent-DevEventUITests-frameworks-${CONFIGURATION}-output-files.xcfilelist",
			);
			runOnlyForDeploymentPostprocessing = 0;
			shellPath = /bin/sh;
			shellScript = "\"${PODS_ROOT}/Target Support Files/Pods-DevEvent-DevEventUITests/Pods-DevEvent-DevEventUITests-frameworks.sh\"\n";
			showEnvVarsInLog = 0;
		};
		ADF407BC8539090C2BC8B0B9 /* [CP] Embed Pods Frameworks */ = {
			isa = PBXShellScriptBuildPhase;
			buildActionMask = 2147483647;
			files = (
			);
			inputFileListPaths = (
				"${PODS_ROOT}/Target Support Files/Pods-DevEvent/Pods-DevEvent-frameworks-${CONFIGURATION}-input-files.xcfilelist",
			);
			name = "[CP] Embed Pods Frameworks";
			outputFileListPaths = (
				"${PODS_ROOT}/Target Support Files/Pods-DevEvent/Pods-DevEvent-frameworks-${CONFIGURATION}-output-files.xcfilelist",
			);
			runOnlyForDeploymentPostprocessing = 0;
			shellPath = /bin/sh;
			shellScript = "\"${PODS_ROOT}/Target Support Files/Pods-DevEvent/Pods-DevEvent-frameworks.sh\"\n";
			showEnvVarsInLog = 0;
		};
		CC6EF6F12E6E8AA2407006F7 /* [CP] Check Pods Manifest.lock */ = {
			isa = PBXShellScriptBuildPhase;
			buildActionMask = 2147483647;
			files = (
			);
			inputFileListPaths = (
			);
			inputPaths = (
				"${PODS_PODFILE_DIR_PATH}/Podfile.lock",
				"${PODS_ROOT}/Manifest.lock",
			);
			name = "[CP] Check Pods Manifest.lock";
			outputFileListPaths = (
			);
			outputPaths = (
				"$(DERIVED_FILE_DIR)/Pods-DevEvent-DevEventUITests-checkManifestLockResult.txt",
			);
			runOnlyForDeploymentPostprocessing = 0;
			shellPath = /bin/sh;
			shellScript = "diff \"${PODS_PODFILE_DIR_PATH}/Podfile.lock\" \"${PODS_ROOT}/Manifest.lock\" > /dev/null\nif [ $? != 0 ] ; then\n    # print error to STDERR\n    echo \"error: The sandbox is not in sync with the Podfile.lock. Run 'pod install' or update your CocoaPods installation.\" >&2\n    exit 1\nfi\n# This output is used by Xcode 'outputs' to avoid re-running this script phase.\necho \"SUCCESS\" > \"${SCRIPT_OUTPUT_FILE_0}\"\n";
			showEnvVarsInLog = 0;
		};
/* End PBXShellScriptBuildPhase section */

/* Begin PBXSourcesBuildPhase section */
		76FB9CD527D30521001EC0F5 /* Sources */ = {
			isa = PBXSourcesBuildPhase;
			buildActionMask = 2147483647;
			files = (
				76FB9D4827D4C83E001EC0F5 /* DevEventTableViewCell.swift in Sources */,
				761FBA6327E0BC780066F078 /* EventCoreData+CoreDataProperties.swift in Sources */,
				761FBA6127E0ADCA0066F078 /* Entity.swift in Sources */,
				76FB9D4227D4C5A0001EC0F5 /* HomeViewModel.swift in Sources */,
				76FB9D4D27D5C761001EC0F5 /* HomeViewController+UITableViewDelegate.swift in Sources */,
				76FB9D2D27D3972B001EC0F5 /* ViewModelType.swift in Sources */,
				76FB9D5327D5D5F1001EC0F5 /* WebKitCoordinator.swift in Sources */,
				76FB9D5127D5CEF0001EC0F5 /* WebKitViewController.swift in Sources */,
				761FBA5B27E0A7280066F078 /* EventCoreData+CoreDataClass.swift in Sources */,
				76FB9D2527D38AC6001EC0F5 /* UIViewController+Extension.swift in Sources */,
				76FB9D1A27D3758A001EC0F5 /* Coordinator.swift in Sources */,
				76FB9D1C27D377F0001EC0F5 /* TabBarCoordinator.swift in Sources */,
				76FB9D4027D4C17D001EC0F5 /* Parser.swift in Sources */,
				76FB9CDD27D30521001EC0F5 /* AppDelegate.swift in Sources */,
				76FB9CE727D30521001EC0F5 /* DevEvent.xcdatamodeld in Sources */,
				76FB9D3F27D4AAAE001EC0F5 /* DevEventsFetcher.swift in Sources */,
				76FB9CDF27D30521001EC0F5 /* SceneDelegate.swift in Sources */,
				761FBA5E27E0AD210066F078 /* PersistanceManager.swift in Sources */,
				76FB9D2027D389A4001EC0F5 /* HomeCoordinator.swift in Sources */,
				76FB9D4B27D4CCBC001EC0F5 /* UIView+Extension.swift in Sources */,
				76FB9D1E27D38978001EC0F5 /* HomeViewController.swift in Sources */,
				76FB9D2F27D43E6A001EC0F5 /* SectionOfEvents.swift in Sources */,
				76FB9D2727D38B67001EC0F5 /* UIStoryboard+Extension.swift in Sources */,
				76FB9D3627D44186001EC0F5 /* NetworkService.swift in Sources */,
				76FB9D3B27D4A3B1001EC0F5 /* String+Extension.swift in Sources */,
				76FB9D3127D43E79001EC0F5 /* Event.swift in Sources */,
			);
			runOnlyForDeploymentPostprocessing = 0;
		};
		76FB9CEE27D30522001EC0F5 /* Sources */ = {
			isa = PBXSourcesBuildPhase;
			buildActionMask = 2147483647;
			files = (
				76FB9CF727D30522001EC0F5 /* DevEventTests.swift in Sources */,
			);
			runOnlyForDeploymentPostprocessing = 0;
		};
		76FB9CF827D30522001EC0F5 /* Sources */ = {
			isa = PBXSourcesBuildPhase;
			buildActionMask = 2147483647;
			files = (
				76FB9D0327D30522001EC0F5 /* DevEventUITestsLaunchTests.swift in Sources */,
				76FB9D0127D30522001EC0F5 /* DevEventUITests.swift in Sources */,
			);
			runOnlyForDeploymentPostprocessing = 0;
		};
/* End PBXSourcesBuildPhase section */

/* Begin PBXTargetDependency section */
		76FB9CF427D30522001EC0F5 /* PBXTargetDependency */ = {
			isa = PBXTargetDependency;
			target = 76FB9CD827D30521001EC0F5 /* DevEvent */;
			targetProxy = 76FB9CF327D30522001EC0F5 /* PBXContainerItemProxy */;
		};
		76FB9CFE27D30522001EC0F5 /* PBXTargetDependency */ = {
			isa = PBXTargetDependency;
			target = 76FB9CD827D30521001EC0F5 /* DevEvent */;
			targetProxy = 76FB9CFD27D30522001EC0F5 /* PBXContainerItemProxy */;
		};
/* End PBXTargetDependency section */

/* Begin PBXVariantGroup section */
		76FB9CE227D30521001EC0F5 /* Main.storyboard */ = {
			isa = PBXVariantGroup;
			children = (
				76FB9CE327D30521001EC0F5 /* Base */,
			);
			name = Main.storyboard;
			sourceTree = "<group>";
		};
		76FB9CEA27D30522001EC0F5 /* LaunchScreen.storyboard */ = {
			isa = PBXVariantGroup;
			children = (
				76FB9CEB27D30522001EC0F5 /* Base */,
			);
			name = LaunchScreen.storyboard;
			sourceTree = "<group>";
		};
/* End PBXVariantGroup section */

/* Begin XCBuildConfiguration section */
		76FB9D0427D30522001EC0F5 /* Debug */ = {
			isa = XCBuildConfiguration;
			buildSettings = {
				ALWAYS_SEARCH_USER_PATHS = NO;
				CLANG_ANALYZER_NONNULL = YES;
				CLANG_ANALYZER_NUMBER_OBJECT_CONVERSION = YES_AGGRESSIVE;
				CLANG_CXX_LANGUAGE_STANDARD = "gnu++17";
				CLANG_CXX_LIBRARY = "libc++";
				CLANG_ENABLE_MODULES = YES;
				CLANG_ENABLE_OBJC_ARC = YES;
				CLANG_ENABLE_OBJC_WEAK = YES;
				CLANG_WARN_BLOCK_CAPTURE_AUTORELEASING = YES;
				CLANG_WARN_BOOL_CONVERSION = YES;
				CLANG_WARN_COMMA = YES;
				CLANG_WARN_CONSTANT_CONVERSION = YES;
				CLANG_WARN_DEPRECATED_OBJC_IMPLEMENTATIONS = YES;
				CLANG_WARN_DIRECT_OBJC_ISA_USAGE = YES_ERROR;
				CLANG_WARN_DOCUMENTATION_COMMENTS = YES;
				CLANG_WARN_EMPTY_BODY = YES;
				CLANG_WARN_ENUM_CONVERSION = YES;
				CLANG_WARN_INFINITE_RECURSION = YES;
				CLANG_WARN_INT_CONVERSION = YES;
				CLANG_WARN_NON_LITERAL_NULL_CONVERSION = YES;
				CLANG_WARN_OBJC_IMPLICIT_RETAIN_SELF = YES;
				CLANG_WARN_OBJC_LITERAL_CONVERSION = YES;
				CLANG_WARN_OBJC_ROOT_CLASS = YES_ERROR;
				CLANG_WARN_QUOTED_INCLUDE_IN_FRAMEWORK_HEADER = YES;
				CLANG_WARN_RANGE_LOOP_ANALYSIS = YES;
				CLANG_WARN_STRICT_PROTOTYPES = YES;
				CLANG_WARN_SUSPICIOUS_MOVE = YES;
				CLANG_WARN_UNGUARDED_AVAILABILITY = YES_AGGRESSIVE;
				CLANG_WARN_UNREACHABLE_CODE = YES;
				CLANG_WARN__DUPLICATE_METHOD_MATCH = YES;
				COPY_PHASE_STRIP = NO;
				DEBUG_INFORMATION_FORMAT = dwarf;
				ENABLE_STRICT_OBJC_MSGSEND = YES;
				ENABLE_TESTABILITY = YES;
				GCC_C_LANGUAGE_STANDARD = gnu11;
				GCC_DYNAMIC_NO_PIC = NO;
				GCC_NO_COMMON_BLOCKS = YES;
				GCC_OPTIMIZATION_LEVEL = 0;
				GCC_PREPROCESSOR_DEFINITIONS = (
					"DEBUG=1",
					"$(inherited)",
				);
				GCC_WARN_64_TO_32_BIT_CONVERSION = YES;
				GCC_WARN_ABOUT_RETURN_TYPE = YES_ERROR;
				GCC_WARN_UNDECLARED_SELECTOR = YES;
				GCC_WARN_UNINITIALIZED_AUTOS = YES_AGGRESSIVE;
				GCC_WARN_UNUSED_FUNCTION = YES;
				GCC_WARN_UNUSED_VARIABLE = YES;
				IPHONEOS_DEPLOYMENT_TARGET = 15.2;
				MTL_ENABLE_DEBUG_INFO = INCLUDE_SOURCE;
				MTL_FAST_MATH = YES;
				ONLY_ACTIVE_ARCH = YES;
				SDKROOT = iphoneos;
				SWIFT_ACTIVE_COMPILATION_CONDITIONS = DEBUG;
				SWIFT_OPTIMIZATION_LEVEL = "-Onone";
			};
			name = Debug;
		};
		76FB9D0527D30522001EC0F5 /* Release */ = {
			isa = XCBuildConfiguration;
			buildSettings = {
				ALWAYS_SEARCH_USER_PATHS = NO;
				CLANG_ANALYZER_NONNULL = YES;
				CLANG_ANALYZER_NUMBER_OBJECT_CONVERSION = YES_AGGRESSIVE;
				CLANG_CXX_LANGUAGE_STANDARD = "gnu++17";
				CLANG_CXX_LIBRARY = "libc++";
				CLANG_ENABLE_MODULES = YES;
				CLANG_ENABLE_OBJC_ARC = YES;
				CLANG_ENABLE_OBJC_WEAK = YES;
				CLANG_WARN_BLOCK_CAPTURE_AUTORELEASING = YES;
				CLANG_WARN_BOOL_CONVERSION = YES;
				CLANG_WARN_COMMA = YES;
				CLANG_WARN_CONSTANT_CONVERSION = YES;
				CLANG_WARN_DEPRECATED_OBJC_IMPLEMENTATIONS = YES;
				CLANG_WARN_DIRECT_OBJC_ISA_USAGE = YES_ERROR;
				CLANG_WARN_DOCUMENTATION_COMMENTS = YES;
				CLANG_WARN_EMPTY_BODY = YES;
				CLANG_WARN_ENUM_CONVERSION = YES;
				CLANG_WARN_INFINITE_RECURSION = YES;
				CLANG_WARN_INT_CONVERSION = YES;
				CLANG_WARN_NON_LITERAL_NULL_CONVERSION = YES;
				CLANG_WARN_OBJC_IMPLICIT_RETAIN_SELF = YES;
				CLANG_WARN_OBJC_LITERAL_CONVERSION = YES;
				CLANG_WARN_OBJC_ROOT_CLASS = YES_ERROR;
				CLANG_WARN_QUOTED_INCLUDE_IN_FRAMEWORK_HEADER = YES;
				CLANG_WARN_RANGE_LOOP_ANALYSIS = YES;
				CLANG_WARN_STRICT_PROTOTYPES = YES;
				CLANG_WARN_SUSPICIOUS_MOVE = YES;
				CLANG_WARN_UNGUARDED_AVAILABILITY = YES_AGGRESSIVE;
				CLANG_WARN_UNREACHABLE_CODE = YES;
				CLANG_WARN__DUPLICATE_METHOD_MATCH = YES;
				COPY_PHASE_STRIP = NO;
				DEBUG_INFORMATION_FORMAT = "dwarf-with-dsym";
				ENABLE_NS_ASSERTIONS = NO;
				ENABLE_STRICT_OBJC_MSGSEND = YES;
				GCC_C_LANGUAGE_STANDARD = gnu11;
				GCC_NO_COMMON_BLOCKS = YES;
				GCC_WARN_64_TO_32_BIT_CONVERSION = YES;
				GCC_WARN_ABOUT_RETURN_TYPE = YES_ERROR;
				GCC_WARN_UNDECLARED_SELECTOR = YES;
				GCC_WARN_UNINITIALIZED_AUTOS = YES_AGGRESSIVE;
				GCC_WARN_UNUSED_FUNCTION = YES;
				GCC_WARN_UNUSED_VARIABLE = YES;
				IPHONEOS_DEPLOYMENT_TARGET = 15.2;
				MTL_ENABLE_DEBUG_INFO = NO;
				MTL_FAST_MATH = YES;
				SDKROOT = iphoneos;
				SWIFT_COMPILATION_MODE = wholemodule;
				SWIFT_OPTIMIZATION_LEVEL = "-O";
				VALIDATE_PRODUCT = YES;
			};
			name = Release;
		};
		76FB9D0727D30522001EC0F5 /* Debug */ = {
			isa = XCBuildConfiguration;
			baseConfigurationReference = 6103E50B2BDE76BB146D5AC2 /* Pods-DevEvent.debug.xcconfig */;
			buildSettings = {
				ASSETCATALOG_COMPILER_APPICON_NAME = AppIcon;
				ASSETCATALOG_COMPILER_GLOBAL_ACCENT_COLOR_NAME = AccentColor;
				CODE_SIGN_STYLE = Automatic;
				CURRENT_PROJECT_VERSION = 1;
				DEVELOPMENT_TEAM = VTA27W3BV8;
				GENERATE_INFOPLIST_FILE = YES;
				INFOPLIST_FILE = DevEvent/Info.plist;
				INFOPLIST_KEY_UIApplicationSupportsIndirectInputEvents = YES;
				INFOPLIST_KEY_UILaunchStoryboardName = LaunchScreen;
				INFOPLIST_KEY_UISupportedInterfaceOrientations_iPad = "UIInterfaceOrientationPortrait UIInterfaceOrientationPortraitUpsideDown UIInterfaceOrientationLandscapeLeft UIInterfaceOrientationLandscapeRight";
				INFOPLIST_KEY_UISupportedInterfaceOrientations_iPhone = "UIInterfaceOrientationPortrait UIInterfaceOrientationLandscapeLeft UIInterfaceOrientationLandscapeRight";
				IPHONEOS_DEPLOYMENT_TARGET = 13.0;
				LD_RUNPATH_SEARCH_PATHS = (
					"$(inherited)",
					"@executable_path/Frameworks",
				);
				MARKETING_VERSION = 1.0;
				PRODUCT_BUNDLE_IDENTIFIER = com.brave.DevEvent;
				PRODUCT_NAME = "$(TARGET_NAME)";
				SWIFT_EMIT_LOC_STRINGS = YES;
				SWIFT_VERSION = 5.0;
				TARGETED_DEVICE_FAMILY = "1,2";
			};
			name = Debug;
		};
		76FB9D0827D30522001EC0F5 /* Release */ = {
			isa = XCBuildConfiguration;
			baseConfigurationReference = 386FA0A19EA9B80EC704F1BA /* Pods-DevEvent.release.xcconfig */;
			buildSettings = {
				ASSETCATALOG_COMPILER_APPICON_NAME = AppIcon;
				ASSETCATALOG_COMPILER_GLOBAL_ACCENT_COLOR_NAME = AccentColor;
				CODE_SIGN_STYLE = Automatic;
				CURRENT_PROJECT_VERSION = 1;
				DEVELOPMENT_TEAM = VTA27W3BV8;
				GENERATE_INFOPLIST_FILE = YES;
				INFOPLIST_FILE = DevEvent/Info.plist;
				INFOPLIST_KEY_UIApplicationSupportsIndirectInputEvents = YES;
				INFOPLIST_KEY_UILaunchStoryboardName = LaunchScreen;
				INFOPLIST_KEY_UISupportedInterfaceOrientations_iPad = "UIInterfaceOrientationPortrait UIInterfaceOrientationPortraitUpsideDown UIInterfaceOrientationLandscapeLeft UIInterfaceOrientationLandscapeRight";
				INFOPLIST_KEY_UISupportedInterfaceOrientations_iPhone = "UIInterfaceOrientationPortrait UIInterfaceOrientationLandscapeLeft UIInterfaceOrientationLandscapeRight";
				IPHONEOS_DEPLOYMENT_TARGET = 13.0;
				LD_RUNPATH_SEARCH_PATHS = (
					"$(inherited)",
					"@executable_path/Frameworks",
				);
				MARKETING_VERSION = 1.0;
				PRODUCT_BUNDLE_IDENTIFIER = com.brave.DevEvent;
				PRODUCT_NAME = "$(TARGET_NAME)";
				SWIFT_EMIT_LOC_STRINGS = YES;
				SWIFT_VERSION = 5.0;
				TARGETED_DEVICE_FAMILY = "1,2";
			};
			name = Release;
		};
		76FB9D0A27D30522001EC0F5 /* Debug */ = {
			isa = XCBuildConfiguration;
			baseConfigurationReference = 64F4DF495EAFED19227E031B /* Pods-DevEventTests.debug.xcconfig */;
			buildSettings = {
				ALWAYS_EMBED_SWIFT_STANDARD_LIBRARIES = YES;
				BUNDLE_LOADER = "$(TEST_HOST)";
				CODE_SIGN_STYLE = Automatic;
				CURRENT_PROJECT_VERSION = 1;
				DEVELOPMENT_TEAM = 3SJ86P2MZZ;
				GENERATE_INFOPLIST_FILE = YES;
				IPHONEOS_DEPLOYMENT_TARGET = 15.2;
				MARKETING_VERSION = 1.0;
				PRODUCT_BUNDLE_IDENTIFIER = com.brave.DevEventTests;
				PRODUCT_NAME = "$(TARGET_NAME)";
				SWIFT_EMIT_LOC_STRINGS = NO;
				SWIFT_VERSION = 5.0;
				TARGETED_DEVICE_FAMILY = "1,2";
				TEST_HOST = "$(BUILT_PRODUCTS_DIR)/DevEvent.app/DevEvent";
			};
			name = Debug;
		};
		76FB9D0B27D30522001EC0F5 /* Release */ = {
			isa = XCBuildConfiguration;
			baseConfigurationReference = 34876CD902EA2D7E68F26A08 /* Pods-DevEventTests.release.xcconfig */;
			buildSettings = {
				ALWAYS_EMBED_SWIFT_STANDARD_LIBRARIES = YES;
				BUNDLE_LOADER = "$(TEST_HOST)";
				CODE_SIGN_STYLE = Automatic;
				CURRENT_PROJECT_VERSION = 1;
				DEVELOPMENT_TEAM = 3SJ86P2MZZ;
				GENERATE_INFOPLIST_FILE = YES;
				IPHONEOS_DEPLOYMENT_TARGET = 15.2;
				MARKETING_VERSION = 1.0;
				PRODUCT_BUNDLE_IDENTIFIER = com.brave.DevEventTests;
				PRODUCT_NAME = "$(TARGET_NAME)";
				SWIFT_EMIT_LOC_STRINGS = NO;
				SWIFT_VERSION = 5.0;
				TARGETED_DEVICE_FAMILY = "1,2";
				TEST_HOST = "$(BUILT_PRODUCTS_DIR)/DevEvent.app/DevEvent";
			};
			name = Release;
		};
		76FB9D0D27D30522001EC0F5 /* Debug */ = {
			isa = XCBuildConfiguration;
			baseConfigurationReference = A97F43511E3A39641AEADCB2 /* Pods-DevEvent-DevEventUITests.debug.xcconfig */;
			buildSettings = {
				ALWAYS_EMBED_SWIFT_STANDARD_LIBRARIES = YES;
				CODE_SIGN_STYLE = Automatic;
				CURRENT_PROJECT_VERSION = 1;
				DEVELOPMENT_TEAM = 3SJ86P2MZZ;
				GENERATE_INFOPLIST_FILE = YES;
				MARKETING_VERSION = 1.0;
				PRODUCT_BUNDLE_IDENTIFIER = com.brave.DevEventUITests;
				PRODUCT_NAME = "$(TARGET_NAME)";
				SWIFT_EMIT_LOC_STRINGS = NO;
				SWIFT_VERSION = 5.0;
				TARGETED_DEVICE_FAMILY = "1,2";
				TEST_TARGET_NAME = DevEvent;
			};
			name = Debug;
		};
		76FB9D0E27D30522001EC0F5 /* Release */ = {
			isa = XCBuildConfiguration;
			baseConfigurationReference = E5D0FA6A89FC30E5E8D6A75F /* Pods-DevEvent-DevEventUITests.release.xcconfig */;
			buildSettings = {
				ALWAYS_EMBED_SWIFT_STANDARD_LIBRARIES = YES;
				CODE_SIGN_STYLE = Automatic;
				CURRENT_PROJECT_VERSION = 1;
				DEVELOPMENT_TEAM = 3SJ86P2MZZ;
				GENERATE_INFOPLIST_FILE = YES;
				MARKETING_VERSION = 1.0;
				PRODUCT_BUNDLE_IDENTIFIER = com.brave.DevEventUITests;
				PRODUCT_NAME = "$(TARGET_NAME)";
				SWIFT_EMIT_LOC_STRINGS = NO;
				SWIFT_VERSION = 5.0;
				TARGETED_DEVICE_FAMILY = "1,2";
				TEST_TARGET_NAME = DevEvent;
			};
			name = Release;
		};
/* End XCBuildConfiguration section */

/* Begin XCConfigurationList section */
		76FB9CD427D30521001EC0F5 /* Build configuration list for PBXProject "DevEvent" */ = {
			isa = XCConfigurationList;
			buildConfigurations = (
				76FB9D0427D30522001EC0F5 /* Debug */,
				76FB9D0527D30522001EC0F5 /* Release */,
			);
			defaultConfigurationIsVisible = 0;
			defaultConfigurationName = Release;
		};
		76FB9D0627D30522001EC0F5 /* Build configuration list for PBXNativeTarget "DevEvent" */ = {
			isa = XCConfigurationList;
			buildConfigurations = (
				76FB9D0727D30522001EC0F5 /* Debug */,
				76FB9D0827D30522001EC0F5 /* Release */,
			);
			defaultConfigurationIsVisible = 0;
			defaultConfigurationName = Release;
		};
		76FB9D0927D30522001EC0F5 /* Build configuration list for PBXNativeTarget "DevEventTests" */ = {
			isa = XCConfigurationList;
			buildConfigurations = (
				76FB9D0A27D30522001EC0F5 /* Debug */,
				76FB9D0B27D30522001EC0F5 /* Release */,
			);
			defaultConfigurationIsVisible = 0;
			defaultConfigurationName = Release;
		};
		76FB9D0C27D30522001EC0F5 /* Build configuration list for PBXNativeTarget "DevEventUITests" */ = {
			isa = XCConfigurationList;
			buildConfigurations = (
				76FB9D0D27D30522001EC0F5 /* Debug */,
				76FB9D0E27D30522001EC0F5 /* Release */,
			);
			defaultConfigurationIsVisible = 0;
			defaultConfigurationName = Release;
		};
/* End XCConfigurationList section */

/* Begin XCVersionGroup section */
		76FB9CE527D30521001EC0F5 /* DevEvent.xcdatamodeld */ = {
			isa = XCVersionGroup;
			children = (
				76FB9CE627D30521001EC0F5 /* DevEvent.xcdatamodel */,
			);
			currentVersion = 76FB9CE627D30521001EC0F5 /* DevEvent.xcdatamodel */;
			path = DevEvent.xcdatamodeld;
			sourceTree = "<group>";
			versionGroupType = wrapper.xcdatamodel;
		};
/* End XCVersionGroup section */
	};
	rootObject = 76FB9CD127D30521001EC0F5 /* Project object */;
}
